{
  "lockfileVersion": 1,
  "configVersion": 0,
  "workspaces": {
    "": {
      "dependencies": {
        "@hotwired/stimulus": "^3.2.2",
        "@hotwired/turbo-rails": "^8.0.20",
        "@rails/request.js": "^0.0.11",
        "chart.js": "^4.5.1",
        "chartjs-adapter-date-fns": "^3.0.0",
        "chartkick": "^5.0.1",
        "date-fns": "^4.1.0",
        "tailwindcss": "^4.1.17",
      },
      "devDependencies": {
        "daisyui": "^5.5.8",
        "prettier": "3.5.0",
      },
    },
  },
  "packages": {
    "@hotwired/stimulus": ["@hotwired/stimulus@3.2.2", "", {}, "sha512-eGeIqNOQpXoPAIP7tC1+1Yc1yl1xnwYqg+3mzqxyrbE5pg5YFBZcA6YoTiByJB6DKAEsiWtl6tjTJS4IYtbB7A=="],

    "@hotwired/turbo": ["@hotwired/turbo@8.0.20", "", {}, "sha512-IilkH/+h92BRLeY/rMMR3MUh1gshIfdra/qZzp/Bl5FmiALD/6sQZK/ecxSbumeyOYiWr/JRI+Au1YQmkJGnoA=="],

    "@hotwired/turbo-rails": ["@hotwired/turbo-rails@8.0.20", "", { "dependencies": { "@hotwired/turbo": "^8.0.20", "@rails/actioncable": ">=7.0" } }, "sha512-4aYkYF9XMKL7ZZPfgElq15+60osZOwMwhztE4myKQYEzCPvaPUxwZH301tOrBNtWUwOD+TNOm1Hrpeaq22RX9A=="],

    "@kurkle/color": ["@kurkle/color@0.3.4", "", {}, "sha512-M5UknZPHRu3DEDWoipU6sE8PdkZ6Z/S+v4dD+Ke8IaNlpdSQah50lz1KtcFBa2vsdOnwbbnxJwVM4wty6udA5w=="],

    "@rails/actioncable": ["@rails/actioncable@8.1.100", "", {}, "sha512-j4vJQqz51CDVYv2UafKRu4jiZi5/gTnm7NkyL+VMIgEw3s8jtVtmzu9uItUaZccUg9NJ6o05yVyBAHxNfTuCRA=="],

    "@rails/request.js": ["@rails/request.js@0.0.11", "", {}, "sha512-2U3uYS0kbljt+pAstN+LIlZOl7xmOKig5N6FrvtUWO1wq0zR1Hf90fHfD2SYiyV8yH1nyKpoTmbLqWT0xe1zDg=="],

    "chart.js": ["chart.js@4.5.1", "", { "dependencies": { "@kurkle/color": "^0.3.0" } }, "sha512-GIjfiT9dbmHRiYi6Nl2yFCq7kkwdkp1W/lp2J99rX0yo9tgJGn3lKQATztIjb5tVtevcBtIdICNWqlq5+E8/Pw=="],

    "chartjs-adapter-date-fns": ["chartjs-adapter-date-fns@3.0.0", "", { "peerDependencies": { "chart.js": ">=2.8.0" } }, "sha512-Rs3iEB3Q5pJ973J93OBTpnP7qoGwvq3nUnoMdtxO+9aoJof7UFcRbWcIDteXuYd1fgAvct/32T9qaLyLuZVwCg=="],

    "chartkick": ["chartkick@5.0.1", "", { "optionalDependencies": { "chart.js": "4", "chartjs-adapter-date-fns": ">=3" } }, "sha512-4F3tWI3eBQgnjCYZIZ+fHOaJuNyxeyhDE2Tm+voOWB19hDjSJceys/spzN52DOn8bWepNESGXvPVTGU1jeFsbA=="],

    "daisyui": ["daisyui@5.5.8", "", {}, "sha512-6psL9jIEOFOw68V10j/BKCWcRgx8dh81mmNxShr+g7HDM6UHNoPharlp9zq/PQkHNuGU1ZQsajR3HgpvavbRKQ=="],

    "date-fns": ["date-fns@4.1.0", "", {}, "sha512-Ukq0owbQXxa/U3EGtsdVBkR1w7KOQ5gIBqdH2hkvknzZPYvBxb/aa6E8L7tmjFtkwZBu3UXBbjIgPo/Ez4xaNg=="],

    "prettier": ["prettier@3.5.0", "", { "bin": "bin/prettier.cjs" }, "sha512-quyMrVt6svPS7CjQ9gKb3GLEX/rl3BCL2oa/QkNcXv4YNVBC9olt3s+H7ukto06q7B1Qz46PbrKLO34PR6vXcA=="],

    "tailwindcss": ["tailwindcss@4.1.17", "", {}, "sha512-j9Ee2YjuQqYT9bbRTfTZht9W/ytp5H+jJpZKiYdP/bpnXARAuELt9ofP0lPnmHjbga7SNQIxdTAXCmtKVYjN+Q=="],
  }
}
